
Microsoft Visual Studio Solution File, Format Version 12.00
# Visual Studio 15
VisualStudioVersion = 15.0.28307.572
MinimumVisualStudioVersion = 10.0.40219.1
Project("{FAE04EC0-301F-11D3-BF4B-00C04F79EFBC}") = "BatteryManager", "BattaeryManager\BatteryManager.csproj", "{2735E596-63E9-41EB-BAB2-A8C903564073}"
EndProject
Global
	GlobalSection(SolutionConfigurationPlatforms) = preSolution
		Debug|Any CPU = Debug|Any CPU
		Release|Any CPU = Release|Any CPU
	EndGlobalSection
	GlobalSection(ProjectConfigurationPlatforms) = postSolution
		{2735E596-63E9-41EB-BAB2-A8C903564073}.Debug|Any CPU.ActiveCfg = Debug|Any CPU
		{2735E596-63E9-41EB-BAB2-A8C903564073}.Debug|Any CPU.Build.0 = Debug|Any CPU
		{2735E596-63E9-41EB-BAB2-A8C903564073}.Release|Any CPU.ActiveCfg = Release|Any CPU
		{2735E596-63E9-41EB-BAB2-A8C903564073}.Release|Any CPU.Build.0 = Release|Any CPU
	EndGlobalSection
	GlobalSection(SolutionProperties) = preSolution
		HideSolutionNode = FALSE
	EndGlobalSection
	GlobalSection(ExtensibilityGlobals) = postSolution
		SolutionGuid = {FE050C42-8985-4E51-BBF4-1EFBAA2FFCF2}
	EndGlobalSection
EndGlobal
